
Microsoft Visual Studio Solution File, Format Version 12.00
# Visual Studio Version 16
VisualStudioVersion = 16.0.31005.135
MinimumVisualStudioVersion = 10.0.40219.1
Project("{FAE04EC0-301F-11D3-BF4B-00C04F79EFBC}") = "Lottery Winner", "Lottery Winner\Lottery Winner.csproj", "{D2853661-B0C9-4408-8DCE-40B777D5C128}"
EndProject
Global
	GlobalSection(SolutionConfigurationPlatforms) = preSolution
		Debug|Any CPU = Debug|Any CPU
		Release|Any CPU = Release|Any CPU
	EndGlobalSection
	GlobalSection(ProjectConfigurationPlatforms) = postSolution
		{D2853661-B0C9-4408-8DCE-40B777D5C128}.Debug|Any CPU.ActiveCfg = Debug|Any CPU
		{D2853661-B0C9-4408-8DCE-40B777D5C128}.Debug|Any CPU.Build.0 = Debug|Any CPU
		{D2853661-B0C9-4408-8DCE-40B777D5C128}.Release|Any CPU.ActiveCfg = Release|Any CPU
		{D2853661-B0C9-4408-8DCE-40B777D5C128}.Release|Any CPU.Build.0 = Release|Any CPU
	EndGlobalSection
	GlobalSection(SolutionProperties) = preSolution
		HideSolutionNode = FALSE
	EndGlobalSection
	GlobalSection(ExtensibilityGlobals) = postSolution
		SolutionGuid = {0A85B520-3C2C-45F7-9ECB-A2D3D1401ADE}
	EndGlobalSection
EndGlobal
